
Microsoft Visual Studio Solution File, Format Version 12.00
# Visual Studio Version 16
VisualStudioVersion = 16.0.30011.22
MinimumVisualStudioVersion = 10.0.40219.1
Project("{FAE04EC0-301F-11D3-BF4B-00C04F79EFBC}") = "RoverProject.ConsoleAppUI", "RoverProject.ConsoleAppUI\RoverProject.ConsoleAppUI.csproj", "{DCC8001C-3164-4E93-BB73-83DC0D8E705D}"
EndProject
Project("{FAE04EC0-301F-11D3-BF4B-00C04F79EFBC}") = "RoverProject.Core.Business", "RoverProject.Core.Business\RoverProject.Core.Business.csproj", "{A77456CF-C831-4DF7-BC9A-61CDD87B4450}"
EndProject
Global
	GlobalSection(SolutionConfigurationPlatforms) = preSolution
		Debug|Any CPU = Debug|Any CPU
		Release|Any CPU = Release|Any CPU
	EndGlobalSection
	GlobalSection(ProjectConfigurationPlatforms) = postSolution
		{DCC8001C-3164-4E93-BB73-83DC0D8E705D}.Debug|Any CPU.ActiveCfg = Debug|Any CPU
		{DCC8001C-3164-4E93-BB73-83DC0D8E705D}.Debug|Any CPU.Build.0 = Debug|Any CPU
		{DCC8001C-3164-4E93-BB73-83DC0D8E705D}.Release|Any CPU.ActiveCfg = Release|Any CPU
		{DCC8001C-3164-4E93-BB73-83DC0D8E705D}.Release|Any CPU.Build.0 = Release|Any CPU
		{A77456CF-C831-4DF7-BC9A-61CDD87B4450}.Debug|Any CPU.ActiveCfg = Debug|Any CPU
		{A77456CF-C831-4DF7-BC9A-61CDD87B4450}.Debug|Any CPU.Build.0 = Debug|Any CPU
		{A77456CF-C831-4DF7-BC9A-61CDD87B4450}.Release|Any CPU.ActiveCfg = Release|Any CPU
		{A77456CF-C831-4DF7-BC9A-61CDD87B4450}.Release|Any CPU.Build.0 = Release|Any CPU
	EndGlobalSection
	GlobalSection(SolutionProperties) = preSolution
		HideSolutionNode = FALSE
	EndGlobalSection
	GlobalSection(ExtensibilityGlobals) = postSolution
		SolutionGuid = {712FD9A8-A3C0-48CB-9E55-88A867E2D28A}
	EndGlobalSection
EndGlobal
